
Microsoft Visual Studio Solution File, Format Version 12.00
# Visual Studio Version 16
VisualStudioVersion = 16.0.30717.126
MinimumVisualStudioVersion = 10.0.40219.1
Project("{FAE04EC0-301F-11D3-BF4B-00C04F79EFBC}") = "winforms", "winforms\winforms.csproj", "{BB280D6A-EDCA-435F-ABD4-367F7BFDEEB8}"
EndProject
Project("{FAE04EC0-301F-11D3-BF4B-00C04F79EFBC}") = "wpf", "wpf\wpf.csproj", "{F6C28352-6615-4D66-A82C-58CFDF184280}"
EndProject
Global
	GlobalSection(SolutionConfigurationPlatforms) = preSolution
		Debug|Any CPU = Debug|Any CPU
		Release|Any CPU = Release|Any CPU
	EndGlobalSection
	GlobalSection(ProjectConfigurationPlatforms) = postSolution
		{BB280D6A-EDCA-435F-ABD4-367F7BFDEEB8}.Debug|Any CPU.ActiveCfg = Debug|Any CPU
		{BB280D6A-EDCA-435F-ABD4-367F7BFDEEB8}.Debug|Any CPU.Build.0 = Debug|Any CPU
		{BB280D6A-EDCA-435F-ABD4-367F7BFDEEB8}.Release|Any CPU.ActiveCfg = Release|Any CPU
		{BB280D6A-EDCA-435F-ABD4-367F7BFDEEB8}.Release|Any CPU.Build.0 = Release|Any CPU
		{F6C28352-6615-4D66-A82C-58CFDF184280}.Debug|Any CPU.ActiveCfg = Debug|Any CPU
		{F6C28352-6615-4D66-A82C-58CFDF184280}.Debug|Any CPU.Build.0 = Debug|Any CPU
		{F6C28352-6615-4D66-A82C-58CFDF184280}.Release|Any CPU.ActiveCfg = Release|Any CPU
		{F6C28352-6615-4D66-A82C-58CFDF184280}.Release|Any CPU.Build.0 = Release|Any CPU
	EndGlobalSection
	GlobalSection(SolutionProperties) = preSolution
		HideSolutionNode = FALSE
	EndGlobalSection
	GlobalSection(ExtensibilityGlobals) = postSolution
		SolutionGuid = {56902A46-4A7F-4BF7-B238-413B2AB20A67}
	EndGlobalSection
EndGlobal
